
Microsoft Visual Studio Solution File, Format Version 12.00
# Visual Studio Version 17
VisualStudioVersion = 17.4.33205.214
MinimumVisualStudioVersion = 10.0.40219.1
Project("{9A19103F-16F7-4668-BE54-9A1E7A4F7556}") = "EburyMPIsoFilesLibrary", "EburyMPIsoFilesLibrary\EburyMPIsoFilesLibrary.csproj", "{33AAAE0C-ACEB-4708-B165-77C9A0B16944}"
EndProject
Project("{9A19103F-16F7-4668-BE54-9A1E7A4F7556}") = "EburyMPIsoFilesLibraryTests", "EburyMPIsoFilesLibraryTests\EburyMPIsoFilesLibraryTests.csproj", "{6C73EFAF-B1B8-4E76-8E8C-4FEADF7BFCC9}"
	ProjectSection(ProjectDependencies) = postProject
		{33AAAE0C-ACEB-4708-B165-77C9A0B16944} = {33AAAE0C-ACEB-4708-B165-77C9A0B16944}
	EndProjectSection
EndProject
Project("{9A19103F-16F7-4668-BE54-9A1E7A4F7556}") = "EburyMPIsoFiles.Core", "EburyMPIsoFiles.Core\EburyMPIsoFiles.Core.csproj", "{4A337D34-7B33-4A64-AED0-EB6D27B06E07}"
EndProject
Project("{FAE04EC0-301F-11D3-BF4B-00C04F79EFBC}") = "EburyMPIsoFiles", "EburyMPIsoFiles\EburyMPIsoFiles.csproj", "{DDA521DF-4E16-4FF0-B548-0A9893311E1A}"
	ProjectSection(ProjectDependencies) = postProject
		{4A337D34-7B33-4A64-AED0-EB6D27B06E07} = {4A337D34-7B33-4A64-AED0-EB6D27B06E07}
	EndProjectSection
EndProject
Project("{FAE04EC0-301F-11D3-BF4B-00C04F79EFBC}") = "ConvertToMassPayments", "ConvertToMassPayments\ConvertToMassPayments.csproj", "{F0CD74A0-F836-4427-BD96-BACA16636EC4}"
EndProject
Project("{FAE04EC0-301F-11D3-BF4B-00C04F79EFBC}") = "ConvertToMassPayments.Tests.xUnit", "ConvertToMassPayments.Tests.xUnit\ConvertToMassPayments.Tests.xUnit.csproj", "{87CEFB21-423E-4741-9F3E-563D04AAF720}"
EndProject
Project("{9A19103F-16F7-4668-BE54-9A1E7A4F7556}") = "ConvertToMassPayments.Core", "ConvertToMassPayments.Core\ConvertToMassPayments.Core.csproj", "{DADD46B2-1653-4E03-9FA5-7506783CEDFC}"
EndProject
Project("{9A19103F-16F7-4668-BE54-9A1E7A4F7556}") = "ConvertToMassPayments.Core.Tests.xUnit", "ConvertToMassPayments.Core.Tests.xUnit\ConvertToMassPayments.Core.Tests.xUnit.csproj", "{071AC7FF-0A3A-4B9C-BBB4-6DC75EF8591D}"
EndProject
Project("{9A19103F-16F7-4668-BE54-9A1E7A4F7556}") = "EburyApiModels", "..\EburyAPI\src\EburyApiModels\EburyApiModels.csproj", "{AC10FC67-BD89-4C26-B154-BF2952BAC795}"
EndProject
Global
	GlobalSection(SolutionConfigurationPlatforms) = preSolution
		Debug|Any CPU = Debug|Any CPU
		Debug|ARM = Debug|ARM
		Debug|ARM64 = Debug|ARM64
		Debug|x64 = Debug|x64
		Debug|x86 = Debug|x86
		Release|Any CPU = Release|Any CPU
		Release|ARM = Release|ARM
		Release|ARM64 = Release|ARM64
		Release|x64 = Release|x64
		Release|x86 = Release|x86
	EndGlobalSection
	GlobalSection(ProjectConfigurationPlatforms) = postSolution
		{33AAAE0C-ACEB-4708-B165-77C9A0B16944}.Debug|Any CPU.ActiveCfg = Debug|Any CPU
		{33AAAE0C-ACEB-4708-B165-77C9A0B16944}.Debug|Any CPU.Build.0 = Debug|Any CPU
		{33AAAE0C-ACEB-4708-B165-77C9A0B16944}.Debug|ARM.ActiveCfg = Debug|Any CPU
		{33AAAE0C-ACEB-4708-B165-77C9A0B16944}.Debug|ARM.Build.0 = Debug|Any CPU
		{33AAAE0C-ACEB-4708-B165-77C9A0B16944}.Debug|ARM64.ActiveCfg = Debug|Any CPU
		{33AAAE0C-ACEB-4708-B165-77C9A0B16944}.Debug|ARM64.Build.0 = Debug|Any CPU
		{33AAAE0C-ACEB-4708-B165-77C9A0B16944}.Debug|x64.ActiveCfg = Debug|Any CPU
		{33AAAE0C-ACEB-4708-B165-77C9A0B16944}.Debug|x64.Build.0 = Debug|Any CPU
		{33AAAE0C-ACEB-4708-B165-77C9A0B16944}.Debug|x86.ActiveCfg = Debug|Any CPU
		{33AAAE0C-ACEB-4708-B165-77C9A0B16944}.Debug|x86.Build.0 = Debug|Any CPU
		{33AAAE0C-ACEB-4708-B165-77C9A0B16944}.Release|Any CPU.ActiveCfg = Release|Any CPU
		{33AAAE0C-ACEB-4708-B165-77C9A0B16944}.Release|Any CPU.Build.0 = Release|Any CPU
		{33AAAE0C-ACEB-4708-B165-77C9A0B16944}.Release|ARM.ActiveCfg = Release|Any CPU
		{33AAAE0C-ACEB-4708-B165-77C9A0B16944}.Release|ARM.Build.0 = Release|Any CPU
		{33AAAE0C-ACEB-4708-B165-77C9A0B16944}.Release|ARM64.ActiveCfg = Release|Any CPU
		{33AAAE0C-ACEB-4708-B165-77C9A0B16944}.Release|ARM64.Build.0 = Release|Any CPU
		{33AAAE0C-ACEB-4708-B165-77C9A0B16944}.Release|x64.ActiveCfg = Release|Any CPU
		{33AAAE0C-ACEB-4708-B165-77C9A0B16944}.Release|x64.Build.0 = Release|Any CPU
		{33AAAE0C-ACEB-4708-B165-77C9A0B16944}.Release|x86.ActiveCfg = Release|Any CPU
		{33AAAE0C-ACEB-4708-B165-77C9A0B16944}.Release|x86.Build.0 = Release|Any CPU
		{6C73EFAF-B1B8-4E76-8E8C-4FEADF7BFCC9}.Debug|Any CPU.ActiveCfg = Debug|Any CPU
		{6C73EFAF-B1B8-4E76-8E8C-4FEADF7BFCC9}.Debug|Any CPU.Build.0 = Debug|Any CPU
		{6C73EFAF-B1B8-4E76-8E8C-4FEADF7BFCC9}.Debug|ARM.ActiveCfg = Debug|Any CPU
		{6C73EFAF-B1B8-4E76-8E8C-4FEADF7BFCC9}.Debug|ARM.Build.0 = Debug|Any CPU
		{6C73EFAF-B1B8-4E76-8E8C-4FEADF7BFCC9}.Debug|ARM64.ActiveCfg = Debug|Any CPU
		{6C73EFAF-B1B8-4E76-8E8C-4FEADF7BFCC9}.Debug|ARM64.Build.0 = Debug|Any CPU
		{6C73EFAF-B1B8-4E76-8E8C-4FEADF7BFCC9}.Debug|x64.ActiveCfg = Debug|Any CPU
		{6C73EFAF-B1B8-4E76-8E8C-4FEADF7BFCC9}.Debug|x64.Build.0 = Debug|Any CPU
		{6C73EFAF-B1B8-4E76-8E8C-4FEADF7BFCC9}.Debug|x86.ActiveCfg = Debug|Any CPU
		{6C73EFAF-B1B8-4E76-8E8C-4FEADF7BFCC9}.Debug|x86.Build.0 = Debug|Any CPU
		{6C73EFAF-B1B8-4E76-8E8C-4FEADF7BFCC9}.Release|Any CPU.ActiveCfg = Release|Any CPU
		{6C73EFAF-B1B8-4E76-8E8C-4FEADF7BFCC9}.Release|Any CPU.Build.0 = Release|Any CPU
		{6C73EFAF-B1B8-4E76-8E8C-4FEADF7BFCC9}.Release|ARM.ActiveCfg = Release|Any CPU
		{6C73EFAF-B1B8-4E76-8E8C-4FEADF7BFCC9}.Release|ARM.Build.0 = Release|Any CPU
		{6C73EFAF-B1B8-4E76-8E8C-4FEADF7BFCC9}.Release|ARM64.ActiveCfg = Release|Any CPU
		{6C73EFAF-B1B8-4E76-8E8C-4FEADF7BFCC9}.Release|ARM64.Build.0 = Release|Any CPU
		{6C73EFAF-B1B8-4E76-8E8C-4FEADF7BFCC9}.Release|x64.ActiveCfg = Release|Any CPU
		{6C73EFAF-B1B8-4E76-8E8C-4FEADF7BFCC9}.Release|x64.Build.0 = Release|Any CPU
		{6C73EFAF-B1B8-4E76-8E8C-4FEADF7BFCC9}.Release|x86.ActiveCfg = Release|Any CPU
		{6C73EFAF-B1B8-4E76-8E8C-4FEADF7BFCC9}.Release|x86.Build.0 = Release|Any CPU
		{4A337D34-7B33-4A64-AED0-EB6D27B06E07}.Debug|Any CPU.ActiveCfg = Debug|Any CPU
		{4A337D34-7B33-4A64-AED0-EB6D27B06E07}.Debug|Any CPU.Build.0 = Debug|Any CPU
		{4A337D34-7B33-4A64-AED0-EB6D27B06E07}.Debug|ARM.ActiveCfg = Debug|Any CPU
		{4A337D34-7B33-4A64-AED0-EB6D27B06E07}.Debug|ARM.Build.0 = Debug|Any CPU
		{4A337D34-7B33-4A64-AED0-EB6D27B06E07}.Debug|ARM64.ActiveCfg = Debug|Any CPU
		{4A337D34-7B33-4A64-AED0-EB6D27B06E07}.Debug|ARM64.Build.0 = Debug|Any CPU
		{4A337D34-7B33-4A64-AED0-EB6D27B06E07}.Debug|x64.ActiveCfg = Debug|Any CPU
		{4A337D34-7B33-4A64-AED0-EB6D27B06E07}.Debug|x64.Build.0 = Debug|Any CPU
		{4A337D34-7B33-4A64-AED0-EB6D27B06E07}.Debug|x86.ActiveCfg = Debug|Any CPU
		{4A337D34-7B33-4A64-AED0-EB6D27B06E07}.Debug|x86.Build.0 = Debug|Any CPU
		{4A337D34-7B33-4A64-AED0-EB6D27B06E07}.Release|Any CPU.ActiveCfg = Release|Any CPU
		{4A337D34-7B33-4A64-AED0-EB6D27B06E07}.Release|Any CPU.Build.0 = Release|Any CPU
		{4A337D34-7B33-4A64-AED0-EB6D27B06E07}.Release|ARM.ActiveCfg = Release|Any CPU
		{4A337D34-7B33-4A64-AED0-EB6D27B06E07}.Release|ARM.Build.0 = Release|Any CPU
		{4A337D34-7B33-4A64-AED0-EB6D27B06E07}.Release|ARM64.ActiveCfg = Release|Any CPU
		{4A337D34-7B33-4A64-AED0-EB6D27B06E07}.Release|ARM64.Build.0 = Release|Any CPU
		{4A337D34-7B33-4A64-AED0-EB6D27B06E07}.Release|x64.ActiveCfg = Release|Any CPU
		{4A337D34-7B33-4A64-AED0-EB6D27B06E07}.Release|x64.Build.0 = Release|Any CPU
		{4A337D34-7B33-4A64-AED0-EB6D27B06E07}.Release|x86.ActiveCfg = Release|Any CPU
		{4A337D34-7B33-4A64-AED0-EB6D27B06E07}.Release|x86.Build.0 = Release|Any CPU
		{DDA521DF-4E16-4FF0-B548-0A9893311E1A}.Debug|Any CPU.ActiveCfg = Debug|Any CPU
		{DDA521DF-4E16-4FF0-B548-0A9893311E1A}.Debug|Any CPU.Build.0 = Debug|Any CPU
		{DDA521DF-4E16-4FF0-B548-0A9893311E1A}.Debug|ARM.ActiveCfg = Debug|Any CPU
		{DDA521DF-4E16-4FF0-B548-0A9893311E1A}.Debug|ARM.Build.0 = Debug|Any CPU
		{DDA521DF-4E16-4FF0-B548-0A9893311E1A}.Debug|ARM64.ActiveCfg = Debug|Any CPU
		{DDA521DF-4E16-4FF0-B548-0A9893311E1A}.Debug|ARM64.Build.0 = Debug|Any CPU
		{DDA521DF-4E16-4FF0-B548-0A9893311E1A}.Debug|x64.ActiveCfg = Debug|Any CPU
		{DDA521DF-4E16-4FF0-B548-0A9893311E1A}.Debug|x64.Build.0 = Debug|Any CPU
		{DDA521DF-4E16-4FF0-B548-0A9893311E1A}.Debug|x86.ActiveCfg = Debug|Any CPU
		{DDA521DF-4E16-4FF0-B548-0A9893311E1A}.Debug|x86.Build.0 = Debug|Any CPU
		{DDA521DF-4E16-4FF0-B548-0A9893311E1A}.Release|Any CPU.ActiveCfg = Release|Any CPU
		{DDA521DF-4E16-4FF0-B548-0A9893311E1A}.Release|Any CPU.Build.0 = Release|Any CPU
		{DDA521DF-4E16-4FF0-B548-0A9893311E1A}.Release|ARM.ActiveCfg = Release|Any CPU
		{DDA521DF-4E16-4FF0-B548-0A9893311E1A}.Release|ARM.Build.0 = Release|Any CPU
		{DDA521DF-4E16-4FF0-B548-0A9893311E1A}.Release|ARM64.ActiveCfg = Release|Any CPU
		{DDA521DF-4E16-4FF0-B548-0A9893311E1A}.Release|ARM64.Build.0 = Release|Any CPU
		{DDA521DF-4E16-4FF0-B548-0A9893311E1A}.Release|x64.ActiveCfg = Release|Any CPU
		{DDA521DF-4E16-4FF0-B548-0A9893311E1A}.Release|x64.Build.0 = Release|Any CPU
		{DDA521DF-4E16-4FF0-B548-0A9893311E1A}.Release|x86.ActiveCfg = Release|Any CPU
		{DDA521DF-4E16-4FF0-B548-0A9893311E1A}.Release|x86.Build.0 = Release|Any CPU
		{F0CD74A0-F836-4427-BD96-BACA16636EC4}.Debug|Any CPU.ActiveCfg = Debug|x86
		{F0CD74A0-F836-4427-BD96-BACA16636EC4}.Debug|ARM.ActiveCfg = Debug|ARM
		{F0CD74A0-F836-4427-BD96-BACA16636EC4}.Debug|ARM.Build.0 = Debug|ARM
		{F0CD74A0-F836-4427-BD96-BACA16636EC4}.Debug|ARM.Deploy.0 = Debug|ARM
		{F0CD74A0-F836-4427-BD96-BACA16636EC4}.Debug|ARM64.ActiveCfg = Debug|ARM64
		{F0CD74A0-F836-4427-BD96-BACA16636EC4}.Debug|ARM64.Build.0 = Debug|ARM64
		{F0CD74A0-F836-4427-BD96-BACA16636EC4}.Debug|ARM64.Deploy.0 = Debug|ARM64
		{F0CD74A0-F836-4427-BD96-BACA16636EC4}.Debug|x64.ActiveCfg = Debug|x64
		{F0CD74A0-F836-4427-BD96-BACA16636EC4}.Debug|x64.Build.0 = Debug|x64
		{F0CD74A0-F836-4427-BD96-BACA16636EC4}.Debug|x64.Deploy.0 = Debug|x64
		{F0CD74A0-F836-4427-BD96-BACA16636EC4}.Debug|x86.ActiveCfg = Debug|x86
		{F0CD74A0-F836-4427-BD96-BACA16636EC4}.Debug|x86.Build.0 = Debug|x86
		{F0CD74A0-F836-4427-BD96-BACA16636EC4}.Debug|x86.Deploy.0 = Debug|x86
		{F0CD74A0-F836-4427-BD96-BACA16636EC4}.Release|Any CPU.ActiveCfg = Release|x86
		{F0CD74A0-F836-4427-BD96-BACA16636EC4}.Release|ARM.ActiveCfg = Release|ARM
		{F0CD74A0-F836-4427-BD96-BACA16636EC4}.Release|ARM.Build.0 = Release|ARM
		{F0CD74A0-F836-4427-BD96-BACA16636EC4}.Release|ARM.Deploy.0 = Release|ARM
		{F0CD74A0-F836-4427-BD96-BACA16636EC4}.Release|ARM64.ActiveCfg = Release|ARM64
		{F0CD74A0-F836-4427-BD96-BACA16636EC4}.Release|ARM64.Build.0 = Release|ARM64
		{F0CD74A0-F836-4427-BD96-BACA16636EC4}.Release|ARM64.Deploy.0 = Release|ARM64
		{F0CD74A0-F836-4427-BD96-BACA16636EC4}.Release|x64.ActiveCfg = Release|x64
		{F0CD74A0-F836-4427-BD96-BACA16636EC4}.Release|x64.Build.0 = Release|x64
		{F0CD74A0-F836-4427-BD96-BACA16636EC4}.Release|x64.Deploy.0 = Release|x64
		{F0CD74A0-F836-4427-BD96-BACA16636EC4}.Release|x86.ActiveCfg = Release|x86
		{F0CD74A0-F836-4427-BD96-BACA16636EC4}.Release|x86.Build.0 = Release|x86
		{F0CD74A0-F836-4427-BD96-BACA16636EC4}.Release|x86.Deploy.0 = Release|x86
		{87CEFB21-423E-4741-9F3E-563D04AAF720}.Debug|Any CPU.ActiveCfg = Debug|x86
		{87CEFB21-423E-4741-9F3E-563D04AAF720}.Debug|ARM.ActiveCfg = Debug|ARM
		{87CEFB21-423E-4741-9F3E-563D04AAF720}.Debug|ARM.Build.0 = Debug|ARM
		{87CEFB21-423E-4741-9F3E-563D04AAF720}.Debug|ARM.Deploy.0 = Debug|ARM
		{87CEFB21-423E-4741-9F3E-563D04AAF720}.Debug|ARM64.ActiveCfg = Debug|x86
		{87CEFB21-423E-4741-9F3E-563D04AAF720}.Debug|x64.ActiveCfg = Debug|x64
		{87CEFB21-423E-4741-9F3E-563D04AAF720}.Debug|x64.Build.0 = Debug|x64
		{87CEFB21-423E-4741-9F3E-563D04AAF720}.Debug|x64.Deploy.0 = Debug|x64
		{87CEFB21-423E-4741-9F3E-563D04AAF720}.Debug|x86.ActiveCfg = Debug|x86
		{87CEFB21-423E-4741-9F3E-563D04AAF720}.Debug|x86.Build.0 = Debug|x86
		{87CEFB21-423E-4741-9F3E-563D04AAF720}.Debug|x86.Deploy.0 = Debug|x86
		{87CEFB21-423E-4741-9F3E-563D04AAF720}.Release|Any CPU.ActiveCfg = Release|x86
		{87CEFB21-423E-4741-9F3E-563D04AAF720}.Release|ARM.ActiveCfg = Release|ARM
		{87CEFB21-423E-4741-9F3E-563D04AAF720}.Release|ARM.Build.0 = Release|ARM
		{87CEFB21-423E-4741-9F3E-563D04AAF720}.Release|ARM.Deploy.0 = Release|ARM
		{87CEFB21-423E-4741-9F3E-563D04AAF720}.Release|ARM64.ActiveCfg = Release|x86
		{87CEFB21-423E-4741-9F3E-563D04AAF720}.Release|x64.ActiveCfg = Release|x64
		{87CEFB21-423E-4741-9F3E-563D04AAF720}.Release|x64.Build.0 = Release|x64
		{87CEFB21-423E-4741-9F3E-563D04AAF720}.Release|x64.Deploy.0 = Release|x64
		{87CEFB21-423E-4741-9F3E-563D04AAF720}.Release|x86.ActiveCfg = Release|x86
		{87CEFB21-423E-4741-9F3E-563D04AAF720}.Release|x86.Build.0 = Release|x86
		{87CEFB21-423E-4741-9F3E-563D04AAF720}.Release|x86.Deploy.0 = Release|x86
		{DADD46B2-1653-4E03-9FA5-7506783CEDFC}.Debug|Any CPU.ActiveCfg = Debug|Any CPU
		{DADD46B2-1653-4E03-9FA5-7506783CEDFC}.Debug|Any CPU.Build.0 = Debug|Any CPU
		{DADD46B2-1653-4E03-9FA5-7506783CEDFC}.Debug|ARM.ActiveCfg = Debug|Any CPU
		{DADD46B2-1653-4E03-9FA5-7506783CEDFC}.Debug|ARM.Build.0 = Debug|Any CPU
		{DADD46B2-1653-4E03-9FA5-7506783CEDFC}.Debug|ARM64.ActiveCfg = Debug|Any CPU
		{DADD46B2-1653-4E03-9FA5-7506783CEDFC}.Debug|ARM64.Build.0 = Debug|Any CPU
		{DADD46B2-1653-4E03-9FA5-7506783CEDFC}.Debug|x64.ActiveCfg = Debug|Any CPU
		{DADD46B2-1653-4E03-9FA5-7506783CEDFC}.Debug|x64.Build.0 = Debug|Any CPU
		{DADD46B2-1653-4E03-9FA5-7506783CEDFC}.Debug|x86.ActiveCfg = Debug|Any CPU
		{DADD46B2-1653-4E03-9FA5-7506783CEDFC}.Debug|x86.Build.0 = Debug|Any CPU
		{DADD46B2-1653-4E03-9FA5-7506783CEDFC}.Release|Any CPU.ActiveCfg = Release|Any CPU
		{DADD46B2-1653-4E03-9FA5-7506783CEDFC}.Release|Any CPU.Build.0 = Release|Any CPU
		{DADD46B2-1653-4E03-9FA5-7506783CEDFC}.Release|ARM.ActiveCfg = Release|Any CPU
		{DADD46B2-1653-4E03-9FA5-7506783CEDFC}.Release|ARM.Build.0 = Release|Any CPU
		{DADD46B2-1653-4E03-9FA5-7506783CEDFC}.Release|ARM64.ActiveCfg = Release|Any CPU
		{DADD46B2-1653-4E03-9FA5-7506783CEDFC}.Release|ARM64.Build.0 = Release|Any CPU
		{DADD46B2-1653-4E03-9FA5-7506783CEDFC}.Release|x64.ActiveCfg = Release|Any CPU
		{DADD46B2-1653-4E03-9FA5-7506783CEDFC}.Release|x64.Build.0 = Release|Any CPU
		{DADD46B2-1653-4E03-9FA5-7506783CEDFC}.Release|x86.ActiveCfg = Release|Any CPU
		{DADD46B2-1653-4E03-9FA5-7506783CEDFC}.Release|x86.Build.0 = Release|Any CPU
		{071AC7FF-0A3A-4B9C-BBB4-6DC75EF8591D}.Debug|Any CPU.ActiveCfg = Debug|Any CPU
		{071AC7FF-0A3A-4B9C-BBB4-6DC75EF8591D}.Debug|Any CPU.Build.0 = Debug|Any CPU
		{071AC7FF-0A3A-4B9C-BBB4-6DC75EF8591D}.Debug|ARM.ActiveCfg = Debug|Any CPU
		{071AC7FF-0A3A-4B9C-BBB4-6DC75EF8591D}.Debug|ARM.Build.0 = Debug|Any CPU
		{071AC7FF-0A3A-4B9C-BBB4-6DC75EF8591D}.Debug|ARM64.ActiveCfg = Debug|Any CPU
		{071AC7FF-0A3A-4B9C-BBB4-6DC75EF8591D}.Debug|ARM64.Build.0 = Debug|Any CPU
		{071AC7FF-0A3A-4B9C-BBB4-6DC75EF8591D}.Debug|x64.ActiveCfg = Debug|Any CPU
		{071AC7FF-0A3A-4B9C-BBB4-6DC75EF8591D}.Debug|x64.Build.0 = Debug|Any CPU
		{071AC7FF-0A3A-4B9C-BBB4-6DC75EF8591D}.Debug|x86.ActiveCfg = Debug|Any CPU
		{071AC7FF-0A3A-4B9C-BBB4-6DC75EF8591D}.Debug|x86.Build.0 = Debug|Any CPU
		{071AC7FF-0A3A-4B9C-BBB4-6DC75EF8591D}.Release|Any CPU.ActiveCfg = Release|Any CPU
		{071AC7FF-0A3A-4B9C-BBB4-6DC75EF8591D}.Release|Any CPU.Build.0 = Release|Any CPU
		{071AC7FF-0A3A-4B9C-BBB4-6DC75EF8591D}.Release|ARM.ActiveCfg = Release|Any CPU
		{071AC7FF-0A3A-4B9C-BBB4-6DC75EF8591D}.Release|ARM.Build.0 = Release|Any CPU
		{071AC7FF-0A3A-4B9C-BBB4-6DC75EF8591D}.Release|ARM64.ActiveCfg = Release|Any CPU
		{071AC7FF-0A3A-4B9C-BBB4-6DC75EF8591D}.Release|ARM64.Build.0 = Release|Any CPU
		{071AC7FF-0A3A-4B9C-BBB4-6DC75EF8591D}.Release|x64.ActiveCfg = Release|Any CPU
		{071AC7FF-0A3A-4B9C-BBB4-6DC75EF8591D}.Release|x64.Build.0 = Release|Any CPU
		{071AC7FF-0A3A-4B9C-BBB4-6DC75EF8591D}.Release|x86.ActiveCfg = Release|Any CPU
		{071AC7FF-0A3A-4B9C-BBB4-6DC75EF8591D}.Release|x86.Build.0 = Release|Any CPU
		{AC10FC67-BD89-4C26-B154-BF2952BAC795}.Debug|Any CPU.ActiveCfg = Debug|Any CPU
		{AC10FC67-BD89-4C26-B154-BF2952BAC795}.Debug|Any CPU.Build.0 = Debug|Any CPU
		{AC10FC67-BD89-4C26-B154-BF2952BAC795}.Debug|ARM.ActiveCfg = Debug|Any CPU
		{AC10FC67-BD89-4C26-B154-BF2952BAC795}.Debug|ARM.Build.0 = Debug|Any CPU
		{AC10FC67-BD89-4C26-B154-BF2952BAC795}.Debug|ARM64.ActiveCfg = Debug|Any CPU
		{AC10FC67-BD89-4C26-B154-BF2952BAC795}.Debug|ARM64.Build.0 = Debug|Any CPU
		{AC10FC67-BD89-4C26-B154-BF2952BAC795}.Debug|x64.ActiveCfg = Debug|Any CPU
		{AC10FC67-BD89-4C26-B154-BF2952BAC795}.Debug|x64.Build.0 = Debug|Any CPU
		{AC10FC67-BD89-4C26-B154-BF2952BAC795}.Debug|x86.ActiveCfg = Debug|Any CPU
		{AC10FC67-BD89-4C26-B154-BF2952BAC795}.Debug|x86.Build.0 = Debug|Any CPU
		{AC10FC67-BD89-4C26-B154-BF2952BAC795}.Release|Any CPU.ActiveCfg = Release|Any CPU
		{AC10FC67-BD89-4C26-B154-BF2952BAC795}.Release|Any CPU.Build.0 = Release|Any CPU
		{AC10FC67-BD89-4C26-B154-BF2952BAC795}.Release|ARM.ActiveCfg = Release|Any CPU
		{AC10FC67-BD89-4C26-B154-BF2952BAC795}.Release|ARM.Build.0 = Release|Any CPU
		{AC10FC67-BD89-4C26-B154-BF2952BAC795}.Release|ARM64.ActiveCfg = Release|Any CPU
		{AC10FC67-BD89-4C26-B154-BF2952BAC795}.Release|ARM64.Build.0 = Release|Any CPU
		{AC10FC67-BD89-4C26-B154-BF2952BAC795}.Release|x64.ActiveCfg = Release|Any CPU
		{AC10FC67-BD89-4C26-B154-BF2952BAC795}.Release|x64.Build.0 = Release|Any CPU
		{AC10FC67-BD89-4C26-B154-BF2952BAC795}.Release|x86.ActiveCfg = Release|Any CPU
		{AC10FC67-BD89-4C26-B154-BF2952BAC795}.Release|x86.Build.0 = Release|Any CPU
	EndGlobalSection
	GlobalSection(SolutionProperties) = preSolution
		HideSolutionNode = FALSE
	EndGlobalSection
	GlobalSection(ExtensibilityGlobals) = postSolution
		SolutionGuid = {DEEF6E1B-3C4D-41C6-B674-8B98120D67BB}
	EndGlobalSection
EndGlobal
