
Microsoft Visual Studio Solution File, Format Version 12.00
# Visual Studio Version 17
VisualStudioVersion = 17.4.33205.214
MinimumVisualStudioVersion = 10.0.40219.1
Project("{9A19103F-16F7-4668-BE54-9A1E7A4F7556}") = "EburyMPIsoFilesLibrary", "EburyMPIsoFilesLibrary\EburyMPIsoFilesLibrary.csproj", "{33AAAE0C-ACEB-4708-B165-77C9A0B16944}"
EndProject
Project("{9A19103F-16F7-4668-BE54-9A1E7A4F7556}") = "EburyMPIsoFilesLibraryTests", "EburyMPIsoFilesLibraryTests\EburyMPIsoFilesLibraryTests.csproj", "{6C73EFAF-B1B8-4E76-8E8C-4FEADF7BFCC9}"
	ProjectSection(ProjectDependencies) = postProject
		{33AAAE0C-ACEB-4708-B165-77C9A0B16944} = {33AAAE0C-ACEB-4708-B165-77C9A0B16944}
	EndProjectSection
EndProject
Project("{9A19103F-16F7-4668-BE54-9A1E7A4F7556}") = "EburyMPIsoFiles.Core", "EburyMPIsoFiles.Core\EburyMPIsoFiles.Core.csproj", "{4A337D34-7B33-4A64-AED0-EB6D27B06E07}"
EndProject
Project("{FAE04EC0-301F-11D3-BF4B-00C04F79EFBC}") = "EburyMPIsoFiles", "EburyMPIsoFiles\EburyMPIsoFiles.csproj", "{DDA521DF-4E16-4FF0-B548-0A9893311E1A}"
	ProjectSection(ProjectDependencies) = postProject
		{4A337D34-7B33-4A64-AED0-EB6D27B06E07} = {4A337D34-7B33-4A64-AED0-EB6D27B06E07}
	EndProjectSection
EndProject
Project("{9A19103F-16F7-4668-BE54-9A1E7A4F7556}") = "EburyApiModels", "EburyAPI\src\EburyApiModels\EburyApiModels.csproj", "{224D2938-904C-4851-ABFE-59DF3FD0C782}"
EndProject
Global
	GlobalSection(SolutionConfigurationPlatforms) = preSolution
		Debug|Any CPU = Debug|Any CPU
		Debug|ARM = Debug|ARM
		Debug|ARM64 = Debug|ARM64
		Debug|x64 = Debug|x64
		Debug|x86 = Debug|x86
		Release|Any CPU = Release|Any CPU
		Release|ARM = Release|ARM
		Release|ARM64 = Release|ARM64
		Release|x64 = Release|x64
		Release|x86 = Release|x86
	EndGlobalSection
	GlobalSection(ProjectConfigurationPlatforms) = postSolution
		{33AAAE0C-ACEB-4708-B165-77C9A0B16944}.Debug|Any CPU.ActiveCfg = Debug|Any CPU
		{33AAAE0C-ACEB-4708-B165-77C9A0B16944}.Debug|Any CPU.Build.0 = Debug|Any CPU
		{33AAAE0C-ACEB-4708-B165-77C9A0B16944}.Debug|ARM.ActiveCfg = Debug|Any CPU
		{33AAAE0C-ACEB-4708-B165-77C9A0B16944}.Debug|ARM.Build.0 = Debug|Any CPU
		{33AAAE0C-ACEB-4708-B165-77C9A0B16944}.Debug|ARM64.ActiveCfg = Debug|Any CPU
		{33AAAE0C-ACEB-4708-B165-77C9A0B16944}.Debug|ARM64.Build.0 = Debug|Any CPU
		{33AAAE0C-ACEB-4708-B165-77C9A0B16944}.Debug|x64.ActiveCfg = Debug|Any CPU
		{33AAAE0C-ACEB-4708-B165-77C9A0B16944}.Debug|x64.Build.0 = Debug|Any CPU
		{33AAAE0C-ACEB-4708-B165-77C9A0B16944}.Debug|x86.ActiveCfg = Debug|Any CPU
		{33AAAE0C-ACEB-4708-B165-77C9A0B16944}.Debug|x86.Build.0 = Debug|Any CPU
		{33AAAE0C-ACEB-4708-B165-77C9A0B16944}.Release|Any CPU.ActiveCfg = Release|Any CPU
		{33AAAE0C-ACEB-4708-B165-77C9A0B16944}.Release|Any CPU.Build.0 = Release|Any CPU
		{33AAAE0C-ACEB-4708-B165-77C9A0B16944}.Release|ARM.ActiveCfg = Release|Any CPU
		{33AAAE0C-ACEB-4708-B165-77C9A0B16944}.Release|ARM.Build.0 = Release|Any CPU
		{33AAAE0C-ACEB-4708-B165-77C9A0B16944}.Release|ARM64.ActiveCfg = Release|Any CPU
		{33AAAE0C-ACEB-4708-B165-77C9A0B16944}.Release|ARM64.Build.0 = Release|Any CPU
		{33AAAE0C-ACEB-4708-B165-77C9A0B16944}.Release|x64.ActiveCfg = Release|Any CPU
		{33AAAE0C-ACEB-4708-B165-77C9A0B16944}.Release|x64.Build.0 = Release|Any CPU
		{33AAAE0C-ACEB-4708-B165-77C9A0B16944}.Release|x86.ActiveCfg = Release|Any CPU
		{33AAAE0C-ACEB-4708-B165-77C9A0B16944}.Release|x86.Build.0 = Release|Any CPU
		{6C73EFAF-B1B8-4E76-8E8C-4FEADF7BFCC9}.Debug|Any CPU.ActiveCfg = Debug|Any CPU
		{6C73EFAF-B1B8-4E76-8E8C-4FEADF7BFCC9}.Debug|Any CPU.Build.0 = Debug|Any CPU
		{6C73EFAF-B1B8-4E76-8E8C-4FEADF7BFCC9}.Debug|ARM.ActiveCfg = Debug|Any CPU
		{6C73EFAF-B1B8-4E76-8E8C-4FEADF7BFCC9}.Debug|ARM.Build.0 = Debug|Any CPU
		{6C73EFAF-B1B8-4E76-8E8C-4FEADF7BFCC9}.Debug|ARM64.ActiveCfg = Debug|Any CPU
		{6C73EFAF-B1B8-4E76-8E8C-4FEADF7BFCC9}.Debug|ARM64.Build.0 = Debug|Any CPU
		{6C73EFAF-B1B8-4E76-8E8C-4FEADF7BFCC9}.Debug|x64.ActiveCfg = Debug|Any CPU
		{6C73EFAF-B1B8-4E76-8E8C-4FEADF7BFCC9}.Debug|x64.Build.0 = Debug|Any CPU
		{6C73EFAF-B1B8-4E76-8E8C-4FEADF7BFCC9}.Debug|x86.ActiveCfg = Debug|Any CPU
		{6C73EFAF-B1B8-4E76-8E8C-4FEADF7BFCC9}.Debug|x86.Build.0 = Debug|Any CPU
		{6C73EFAF-B1B8-4E76-8E8C-4FEADF7BFCC9}.Release|Any CPU.ActiveCfg = Release|Any CPU
		{6C73EFAF-B1B8-4E76-8E8C-4FEADF7BFCC9}.Release|Any CPU.Build.0 = Release|Any CPU
		{6C73EFAF-B1B8-4E76-8E8C-4FEADF7BFCC9}.Release|ARM.ActiveCfg = Release|Any CPU
		{6C73EFAF-B1B8-4E76-8E8C-4FEADF7BFCC9}.Release|ARM.Build.0 = Release|Any CPU
		{6C73EFAF-B1B8-4E76-8E8C-4FEADF7BFCC9}.Release|ARM64.ActiveCfg = Release|Any CPU
		{6C73EFAF-B1B8-4E76-8E8C-4FEADF7BFCC9}.Release|ARM64.Build.0 = Release|Any CPU
		{6C73EFAF-B1B8-4E76-8E8C-4FEADF7BFCC9}.Release|x64.ActiveCfg = Release|Any CPU
		{6C73EFAF-B1B8-4E76-8E8C-4FEADF7BFCC9}.Release|x64.Build.0 = Release|Any CPU
		{6C73EFAF-B1B8-4E76-8E8C-4FEADF7BFCC9}.Release|x86.ActiveCfg = Release|Any CPU
		{6C73EFAF-B1B8-4E76-8E8C-4FEADF7BFCC9}.Release|x86.Build.0 = Release|Any CPU
		{4A337D34-7B33-4A64-AED0-EB6D27B06E07}.Debug|Any CPU.ActiveCfg = Debug|Any CPU
		{4A337D34-7B33-4A64-AED0-EB6D27B06E07}.Debug|Any CPU.Build.0 = Debug|Any CPU
		{4A337D34-7B33-4A64-AED0-EB6D27B06E07}.Debug|ARM.ActiveCfg = Debug|Any CPU
		{4A337D34-7B33-4A64-AED0-EB6D27B06E07}.Debug|ARM.Build.0 = Debug|Any CPU
		{4A337D34-7B33-4A64-AED0-EB6D27B06E07}.Debug|ARM64.ActiveCfg = Debug|Any CPU
		{4A337D34-7B33-4A64-AED0-EB6D27B06E07}.Debug|ARM64.Build.0 = Debug|Any CPU
		{4A337D34-7B33-4A64-AED0-EB6D27B06E07}.Debug|x64.ActiveCfg = Debug|Any CPU
		{4A337D34-7B33-4A64-AED0-EB6D27B06E07}.Debug|x64.Build.0 = Debug|Any CPU
		{4A337D34-7B33-4A64-AED0-EB6D27B06E07}.Debug|x86.ActiveCfg = Debug|Any CPU
		{4A337D34-7B33-4A64-AED0-EB6D27B06E07}.Debug|x86.Build.0 = Debug|Any CPU
		{4A337D34-7B33-4A64-AED0-EB6D27B06E07}.Release|Any CPU.ActiveCfg = Release|Any CPU
		{4A337D34-7B33-4A64-AED0-EB6D27B06E07}.Release|Any CPU.Build.0 = Release|Any CPU
		{4A337D34-7B33-4A64-AED0-EB6D27B06E07}.Release|ARM.ActiveCfg = Release|Any CPU
		{4A337D34-7B33-4A64-AED0-EB6D27B06E07}.Release|ARM.Build.0 = Release|Any CPU
		{4A337D34-7B33-4A64-AED0-EB6D27B06E07}.Release|ARM64.ActiveCfg = Release|Any CPU
		{4A337D34-7B33-4A64-AED0-EB6D27B06E07}.Release|ARM64.Build.0 = Release|Any CPU
		{4A337D34-7B33-4A64-AED0-EB6D27B06E07}.Release|x64.ActiveCfg = Release|Any CPU
		{4A337D34-7B33-4A64-AED0-EB6D27B06E07}.Release|x64.Build.0 = Release|Any CPU
		{4A337D34-7B33-4A64-AED0-EB6D27B06E07}.Release|x86.ActiveCfg = Release|Any CPU
		{4A337D34-7B33-4A64-AED0-EB6D27B06E07}.Release|x86.Build.0 = Release|Any CPU
		{DDA521DF-4E16-4FF0-B548-0A9893311E1A}.Debug|Any CPU.ActiveCfg = Debug|Any CPU
		{DDA521DF-4E16-4FF0-B548-0A9893311E1A}.Debug|Any CPU.Build.0 = Debug|Any CPU
		{DDA521DF-4E16-4FF0-B548-0A9893311E1A}.Debug|ARM.ActiveCfg = Debug|Any CPU
		{DDA521DF-4E16-4FF0-B548-0A9893311E1A}.Debug|ARM.Build.0 = Debug|Any CPU
		{DDA521DF-4E16-4FF0-B548-0A9893311E1A}.Debug|ARM64.ActiveCfg = Debug|Any CPU
		{DDA521DF-4E16-4FF0-B548-0A9893311E1A}.Debug|ARM64.Build.0 = Debug|Any CPU
		{DDA521DF-4E16-4FF0-B548-0A9893311E1A}.Debug|x64.ActiveCfg = Debug|Any CPU
		{DDA521DF-4E16-4FF0-B548-0A9893311E1A}.Debug|x64.Build.0 = Debug|Any CPU
		{DDA521DF-4E16-4FF0-B548-0A9893311E1A}.Debug|x86.ActiveCfg = Debug|Any CPU
		{DDA521DF-4E16-4FF0-B548-0A9893311E1A}.Debug|x86.Build.0 = Debug|Any CPU
		{DDA521DF-4E16-4FF0-B548-0A9893311E1A}.Release|Any CPU.ActiveCfg = Release|Any CPU
		{DDA521DF-4E16-4FF0-B548-0A9893311E1A}.Release|Any CPU.Build.0 = Release|Any CPU
		{DDA521DF-4E16-4FF0-B548-0A9893311E1A}.Release|ARM.ActiveCfg = Release|Any CPU
		{DDA521DF-4E16-4FF0-B548-0A9893311E1A}.Release|ARM.Build.0 = Release|Any CPU
		{DDA521DF-4E16-4FF0-B548-0A9893311E1A}.Release|ARM64.ActiveCfg = Release|Any CPU
		{DDA521DF-4E16-4FF0-B548-0A9893311E1A}.Release|ARM64.Build.0 = Release|Any CPU
		{DDA521DF-4E16-4FF0-B548-0A9893311E1A}.Release|x64.ActiveCfg = Release|Any CPU
		{DDA521DF-4E16-4FF0-B548-0A9893311E1A}.Release|x64.Build.0 = Release|Any CPU
		{DDA521DF-4E16-4FF0-B548-0A9893311E1A}.Release|x86.ActiveCfg = Release|Any CPU
		{DDA521DF-4E16-4FF0-B548-0A9893311E1A}.Release|x86.Build.0 = Release|Any CPU
		{224D2938-904C-4851-ABFE-59DF3FD0C782}.Debug|Any CPU.ActiveCfg = Debug|Any CPU
		{224D2938-904C-4851-ABFE-59DF3FD0C782}.Debug|Any CPU.Build.0 = Debug|Any CPU
		{224D2938-904C-4851-ABFE-59DF3FD0C782}.Debug|ARM.ActiveCfg = Debug|Any CPU
		{224D2938-904C-4851-ABFE-59DF3FD0C782}.Debug|ARM.Build.0 = Debug|Any CPU
		{224D2938-904C-4851-ABFE-59DF3FD0C782}.Debug|ARM64.ActiveCfg = Debug|Any CPU
		{224D2938-904C-4851-ABFE-59DF3FD0C782}.Debug|ARM64.Build.0 = Debug|Any CPU
		{224D2938-904C-4851-ABFE-59DF3FD0C782}.Debug|x64.ActiveCfg = Debug|Any CPU
		{224D2938-904C-4851-ABFE-59DF3FD0C782}.Debug|x64.Build.0 = Debug|Any CPU
		{224D2938-904C-4851-ABFE-59DF3FD0C782}.Debug|x86.ActiveCfg = Debug|Any CPU
		{224D2938-904C-4851-ABFE-59DF3FD0C782}.Debug|x86.Build.0 = Debug|Any CPU
		{224D2938-904C-4851-ABFE-59DF3FD0C782}.Release|Any CPU.ActiveCfg = Release|Any CPU
		{224D2938-904C-4851-ABFE-59DF3FD0C782}.Release|Any CPU.Build.0 = Release|Any CPU
		{224D2938-904C-4851-ABFE-59DF3FD0C782}.Release|ARM.ActiveCfg = Release|Any CPU
		{224D2938-904C-4851-ABFE-59DF3FD0C782}.Release|ARM.Build.0 = Release|Any CPU
		{224D2938-904C-4851-ABFE-59DF3FD0C782}.Release|ARM64.ActiveCfg = Release|Any CPU
		{224D2938-904C-4851-ABFE-59DF3FD0C782}.Release|ARM64.Build.0 = Release|Any CPU
		{224D2938-904C-4851-ABFE-59DF3FD0C782}.Release|x64.ActiveCfg = Release|Any CPU
		{224D2938-904C-4851-ABFE-59DF3FD0C782}.Release|x64.Build.0 = Release|Any CPU
		{224D2938-904C-4851-ABFE-59DF3FD0C782}.Release|x86.ActiveCfg = Release|Any CPU
		{224D2938-904C-4851-ABFE-59DF3FD0C782}.Release|x86.Build.0 = Release|Any CPU
	EndGlobalSection
	GlobalSection(SolutionProperties) = preSolution
		HideSolutionNode = FALSE
	EndGlobalSection
	GlobalSection(ExtensibilityGlobals) = postSolution
		SolutionGuid = {DEEF6E1B-3C4D-41C6-B674-8B98120D67BB}
	EndGlobalSection
EndGlobal
